{
  "name": "@oyaprotocol/kernel-packages",
  "lockfileVersion": 3,
  "requires": true,
  "packages": {
    "": {
      "name": "@oyaprotocol/kernel-packages",
      "workspaces": [
        "./utils",
        "./messages",
        "./ipfs",
        "./ethereum"
      ],
      "devDependencies": {
        "typescript": "^6.0.3"
      }
    },
    "ethereum": {
      "name": "@oyaprotocol/ethereum",
      "version": "0.0.0",
      "dependencies": {
        "@noble/hashes": "2.2.0",
        "@oyaprotocol/utils": "0.0.0"
      }
    },
    "ipfs": {
      "name": "@oyaprotocol/ipfs",
      "version": "0.0.0",
      "dependencies": {
        "@oyaprotocol/utils": "0.0.0"
      }
    },
    "messages": {
      "name": "@oyaprotocol/messages",
      "version": "0.0.0",
      "dependencies": {
        "@noble/curves": "2.2.0",
        "@noble/hashes": "2.2.0",
        "@oyaprotocol/ethereum": "0.0.0",
        "@oyaprotocol/ipfs": "0.0.0",
        "@oyaprotocol/utils": "0.0.0"
      }
    },
    "node_modules/@noble/curves": {
      "version": "2.2.0",
      "resolved": "https://registry.npmjs.org/@noble/curves/-/curves-2.2.0.tgz",
      "integrity": "sha512-T/BoHgFXirb0ENSPBquzX0rcjXeM6Lo892a2jlYJkqk83LqZx0l1Of7DzlKJ6jkpvMrkHSnAcgb5JegL8SeIkQ==",
      "license": "MIT",
      "dependencies": {
        "@noble/hashes": "2.2.0"
      },
      "engines": {
        "node": ">= 20.19.0"
      },
      "funding": {
        "url": "https://paulmillr.com/funding/"
      }
    },
    "node_modules/@noble/hashes": {
      "version": "2.2.0",
      "resolved": "https://registry.npmjs.org/@noble/hashes/-/hashes-2.2.0.tgz",
      "integrity": "sha512-IYqDGiTXab6FniAgnSdZwgWbomxpy9FtYvLKs7wCUs2a8RkITG+DFGO1DM9cr+E3/RgADRpFjrKVaJ1z6sjtEg==",
      "license": "MIT",
      "engines": {
        "node": ">= 20.19.0"
      },
      "funding": {
        "url": "https://paulmillr.com/funding/"
      }
    },
    "node_modules/@oyaprotocol/ethereum": {
      "resolved": "ethereum",
      "link": true
    },
    "node_modules/@oyaprotocol/ipfs": {
      "resolved": "ipfs",
      "link": true
    },
    "node_modules/@oyaprotocol/messages": {
      "resolved": "messages",
      "link": true
    },
    "node_modules/@oyaprotocol/utils": {
      "resolved": "utils",
      "link": true
    },
    "node_modules/typescript": {
      "version": "6.0.3",
      "resolved": "https://registry.npmjs.org/typescript/-/typescript-6.0.3.tgz",
      "integrity": "sha512-y2TvuxSZPDyQakkFRPZHKFm+KKVqIisdg9/CZwm9ftvKXLP8NRWj38/ODjNbr43SsoXqNuAisEf1GdCxqWcdBw==",
      "dev": true,
      "license": "Apache-2.0",
      "bin": {
        "tsc": "bin/tsc",
        "tsserver": "bin/tsserver"
      },
      "engines": {
        "node": ">=14.17"
      }
    },
    "utils": {
      "name": "@oyaprotocol/utils",
      "version": "0.0.0"
    }
  }
}
