{
  "name": "@oyaprotocol/kernel-packages",
  "lockfileVersion": 3,
  "requires": true,
  "packages": {
    "": {
      "name": "@oyaprotocol/kernel-packages",
      "workspaces": [
        "./utils",
        "./messages",
        "./publishing",
        "./transactions",
        "./verification"
      ],
      "devDependencies": {
        "typescript": "^5.9.3"
      }
    },
    "messages": {
      "name": "@oyaprotocol/messages",
      "version": "0.0.0"
    },
    "node_modules/@oyaprotocol/messages": {
      "resolved": "messages",
      "link": true
    },
    "node_modules/@oyaprotocol/publishing": {
      "resolved": "publishing",
      "link": true
    },
    "node_modules/@oyaprotocol/transactions": {
      "resolved": "transactions",
      "link": true
    },
    "node_modules/@oyaprotocol/utils": {
      "resolved": "utils",
      "link": true
    },
    "node_modules/@oyaprotocol/verification": {
      "resolved": "verification",
      "link": true
    },
    "node_modules/typescript": {
      "version": "5.9.3",
      "resolved": "https://registry.npmjs.org/typescript/-/typescript-5.9.3.tgz",
      "integrity": "sha512-jl1vZzPDinLr9eUt3J/t7V6FgNEw9QjvBPdysz9KfQDD41fQrC2Y4vKQdiaUpFT4bXlb1RHhLpp8wtm6M5TgSw==",
      "dev": true,
      "license": "Apache-2.0",
      "bin": {
        "tsc": "bin/tsc",
        "tsserver": "bin/tsserver"
      },
      "engines": {
        "node": ">=14.17"
      }
    },
    "publishing": {
      "name": "@oyaprotocol/publishing",
      "version": "0.0.0"
    },
    "transactions": {
      "name": "@oyaprotocol/transactions",
      "version": "0.0.0"
    },
    "utils": {
      "name": "@oyaprotocol/utils",
      "version": "0.0.0"
    },
    "verification": {
      "name": "@oyaprotocol/verification",
      "version": "0.0.0"
    }
  }
}
